
Microsoft Visual Studio Solution File, Format Version 12.00
Project("{2150E333-8FDC-42A3-9474-1A3956D46DE8}") = "RomanNumeralSolver", "RomanNumeralSolver", "{DB4DABA2-FC78-4088-8C0E-D4FFFE92F6D9}"
EndProject
Project("{FAE04EC0-301F-11D3-BF4B-00C04F79EFBC}") = "RomanNumeralSolver", "RomanNumeralSolver\RomanNumeralSolver.csproj", "{5EDBF1DA-8031-41E7-AAD0-A6C13133CB76}"
EndProject
Project("{2150E333-8FDC-42A3-9474-1A3956D46DE8}") = "src", "src", "{FC58EC35-F51A-4433-BC28-020148BEFFE9}"
EndProject
Project("{2150E333-8FDC-42A3-9474-1A3956D46DE8}") = "Title Case", "Title Case", "{060170AD-9DC5-40DB-B2D2-A7D69B5F1166}"
EndProject
Project("{FAE04EC0-301F-11D3-BF4B-00C04F79EFBC}") = "TtitleCase", "TtitleCase\TtitleCase.csproj", "{F6A03655-146E-46F4-92B6-2368ADBA2A5F}"
EndProject
Project("{2150E333-8FDC-42A3-9474-1A3956D46DE8}") = "MissingInArithmeticProgression", "MissingInArithmeticProgression", "{C8602C28-01F4-41F7-8728-D063F4E742D6}"
EndProject
Project("{FAE04EC0-301F-11D3-BF4B-00C04F79EFBC}") = "MissingInArithmeticProgression", "MissingInArithmeticProgression\MissingInArithmeticProgression.csproj", "{BF11B5D1-7DD9-4DD5-9D7B-49A88017BDF9}"
EndProject
Project("{2150E333-8FDC-42A3-9474-1A3956D46DE8}") = "BouncingBall", "BouncingBall", "{31E3B8CD-BE60-49CF-8D09-99E008692308}"
EndProject
Project("{FAE04EC0-301F-11D3-BF4B-00C04F79EFBC}") = "BouncingBall", "BouncingBall\BouncingBall.csproj", "{C9742AF6-C156-4DD8-BC09-F66D16BC20BE}"
EndProject
Global
	GlobalSection(SolutionConfigurationPlatforms) = preSolution
		Debug|Any CPU = Debug|Any CPU
		Release|Any CPU = Release|Any CPU
	EndGlobalSection
	GlobalSection(ProjectConfigurationPlatforms) = postSolution
		{5EDBF1DA-8031-41E7-AAD0-A6C13133CB76}.Debug|Any CPU.ActiveCfg = Debug|Any CPU
		{5EDBF1DA-8031-41E7-AAD0-A6C13133CB76}.Debug|Any CPU.Build.0 = Debug|Any CPU
		{5EDBF1DA-8031-41E7-AAD0-A6C13133CB76}.Release|Any CPU.ActiveCfg = Release|Any CPU
		{5EDBF1DA-8031-41E7-AAD0-A6C13133CB76}.Release|Any CPU.Build.0 = Release|Any CPU
		{F6A03655-146E-46F4-92B6-2368ADBA2A5F}.Debug|Any CPU.ActiveCfg = Debug|Any CPU
		{F6A03655-146E-46F4-92B6-2368ADBA2A5F}.Debug|Any CPU.Build.0 = Debug|Any CPU
		{F6A03655-146E-46F4-92B6-2368ADBA2A5F}.Release|Any CPU.ActiveCfg = Release|Any CPU
		{F6A03655-146E-46F4-92B6-2368ADBA2A5F}.Release|Any CPU.Build.0 = Release|Any CPU
		{BF11B5D1-7DD9-4DD5-9D7B-49A88017BDF9}.Debug|Any CPU.ActiveCfg = Debug|Any CPU
		{BF11B5D1-7DD9-4DD5-9D7B-49A88017BDF9}.Debug|Any CPU.Build.0 = Debug|Any CPU
		{BF11B5D1-7DD9-4DD5-9D7B-49A88017BDF9}.Release|Any CPU.ActiveCfg = Release|Any CPU
		{BF11B5D1-7DD9-4DD5-9D7B-49A88017BDF9}.Release|Any CPU.Build.0 = Release|Any CPU
		{C9742AF6-C156-4DD8-BC09-F66D16BC20BE}.Debug|Any CPU.ActiveCfg = Debug|Any CPU
		{C9742AF6-C156-4DD8-BC09-F66D16BC20BE}.Debug|Any CPU.Build.0 = Debug|Any CPU
		{C9742AF6-C156-4DD8-BC09-F66D16BC20BE}.Release|Any CPU.ActiveCfg = Release|Any CPU
		{C9742AF6-C156-4DD8-BC09-F66D16BC20BE}.Release|Any CPU.Build.0 = Release|Any CPU
	EndGlobalSection
	GlobalSection(NestedProjects) = preSolution
		{5EDBF1DA-8031-41E7-AAD0-A6C13133CB76} = {DB4DABA2-FC78-4088-8C0E-D4FFFE92F6D9}
		{DB4DABA2-FC78-4088-8C0E-D4FFFE92F6D9} = {FC58EC35-F51A-4433-BC28-020148BEFFE9}
		{060170AD-9DC5-40DB-B2D2-A7D69B5F1166} = {FC58EC35-F51A-4433-BC28-020148BEFFE9}
		{F6A03655-146E-46F4-92B6-2368ADBA2A5F} = {060170AD-9DC5-40DB-B2D2-A7D69B5F1166}
		{C8602C28-01F4-41F7-8728-D063F4E742D6} = {FC58EC35-F51A-4433-BC28-020148BEFFE9}
		{BF11B5D1-7DD9-4DD5-9D7B-49A88017BDF9} = {C8602C28-01F4-41F7-8728-D063F4E742D6}
		{31E3B8CD-BE60-49CF-8D09-99E008692308} = {FC58EC35-F51A-4433-BC28-020148BEFFE9}
		{C9742AF6-C156-4DD8-BC09-F66D16BC20BE} = {31E3B8CD-BE60-49CF-8D09-99E008692308}
	EndGlobalSection
EndGlobal
