
Microsoft Visual Studio Solution File, Format Version 12.00
Project("{2150E333-8FDC-42A3-9474-1A3956D46DE8}") = "RomanNumeralSolver", "RomanNumeralSolver", "{DB4DABA2-FC78-4088-8C0E-D4FFFE92F6D9}"
EndProject
Project("{FAE04EC0-301F-11D3-BF4B-00C04F79EFBC}") = "RomanNumeralSolver", "RomanNumeralSolver\RomanNumeralSolver.csproj", "{5EDBF1DA-8031-41E7-AAD0-A6C13133CB76}"
EndProject
Project("{2150E333-8FDC-42A3-9474-1A3956D46DE8}") = "src", "src", "{FC58EC35-F51A-4433-BC28-020148BEFFE9}"
EndProject
Project("{2150E333-8FDC-42A3-9474-1A3956D46DE8}") = "Title Case", "Title Case", "{060170AD-9DC5-40DB-B2D2-A7D69B5F1166}"
EndProject
Project("{FAE04EC0-301F-11D3-BF4B-00C04F79EFBC}") = "TtitleCase", "TtitleCase\TtitleCase.csproj", "{F6A03655-146E-46F4-92B6-2368ADBA2A5F}"
EndProject
Project("{2150E333-8FDC-42A3-9474-1A3956D46DE8}") = "MissingInArithmeticProgression", "MissingInArithmeticProgression", "{C8602C28-01F4-41F7-8728-D063F4E742D6}"
EndProject
Project("{FAE04EC0-301F-11D3-BF4B-00C04F79EFBC}") = "MissingInArithmeticProgression", "MissingInArithmeticProgression\MissingInArithmeticProgression.csproj", "{BF11B5D1-7DD9-4DD5-9D7B-49A88017BDF9}"
EndProject
Project("{2150E333-8FDC-42A3-9474-1A3956D46DE8}") = "BouncingBall", "BouncingBall", "{31E3B8CD-BE60-49CF-8D09-99E008692308}"
EndProject
Project("{FAE04EC0-301F-11D3-BF4B-00C04F79EFBC}") = "BouncingBall", "BouncingBall\BouncingBall.csproj", "{C9742AF6-C156-4DD8-BC09-F66D16BC20BE}"
EndProject
Project("{2150E333-8FDC-42A3-9474-1A3956D46DE8}") = "IPValidation", "IPValidation", "{F5E00577-880E-4432-A909-1B499F81AE05}"
EndProject
Project("{FAE04EC0-301F-11D3-BF4B-00C04F79EFBC}") = "IPValidation", "IPValidation\IPValidation.csproj", "{F003E479-B532-48DA-96DC-8873E1384FAD}"
EndProject
Project("{2150E333-8FDC-42A3-9474-1A3956D46DE8}") = "SimplePigLatin", "SimplePigLatin", "{2A4C4970-0F56-4D1A-A44E-536007070EE5}"
EndProject
Project("{FAE04EC0-301F-11D3-BF4B-00C04F79EFBC}") = "SimplePigLatin", "SimplePigLatin\SimplePigLatin.csproj", "{C3D4E939-1F34-4B92-ABE2-B2D5C2809483}"
EndProject
Project("{2150E333-8FDC-42A3-9474-1A3956D46DE8}") = ".NET Core", ".NET Core", "{197E0A41-70C7-4B73-A10A-6FEB886C1C63}"
EndProject
Project("{FAE04EC0-301F-11D3-BF4B-00C04F79EFBC}") = "HealthChecks", "HealthChecks\HealthChecks.csproj", "{069A522A-A25E-4B81-B921-94C19DFA9200}"
EndProject
Project("{2150E333-8FDC-42A3-9474-1A3956D46DE8}") = "BreadthFirstSearchAlgorithm", "BreadthFirstSearchAlgorithm", "{38F9A75C-4237-4C47-806E-DF2620994609}"
EndProject
Project("{FAE04EC0-301F-11D3-BF4B-00C04F79EFBC}") = "BreadthFirstSearch", "BreadthFirstSearch\BreadthFirstSearch.csproj", "{D4C4E163-701F-4D33-BA21-DCC543743C61}"
EndProject
Project("{2150E333-8FDC-42A3-9474-1A3956D46DE8}") = "CrackingTheCodingInterview", "CrackingTheCodingInterview", "{9791BE79-AEED-43D4-8D35-3F59FB10F082}"
EndProject
Project("{FAE04EC0-301F-11D3-BF4B-00C04F79EFBC}") = "UniqueChars", "UniqueChars\UniqueChars.csproj", "{9B0A8F8F-E6B8-42BE-98E9-F6DF2F3B9496}"
EndProject
Project("{FAE04EC0-301F-11D3-BF4B-00C04F79EFBC}") = "StringPermutation", "StringPermutation\StringPermutation.csproj", "{E3CC5FFC-AE80-4880-8254-FC331B7130D3}"
EndProject
Project("{FAE04EC0-301F-11D3-BF4B-00C04F79EFBC}") = "URLify", "URLify\URLify.csproj", "{C46CF941-EA46-4EB3-848D-6D50383271B9}"
EndProject
Project("{2150E333-8FDC-42A3-9474-1A3956D46DE8}") = "TriesTree", "TriesTree", "{D6C125D4-1876-4E33-A63B-3FA5A5C4B85F}"
EndProject
Project("{FAE04EC0-301F-11D3-BF4B-00C04F79EFBC}") = "TriesTree", "TriesTree\TriesTree.csproj", "{7DBC6C07-50D1-4E79-BE1B-FBA4F81F31EF}"
EndProject
Global
	GlobalSection(SolutionConfigurationPlatforms) = preSolution
		Debug|Any CPU = Debug|Any CPU
		Release|Any CPU = Release|Any CPU
	EndGlobalSection
	GlobalSection(ProjectConfigurationPlatforms) = postSolution
		{5EDBF1DA-8031-41E7-AAD0-A6C13133CB76}.Debug|Any CPU.ActiveCfg = Debug|Any CPU
		{5EDBF1DA-8031-41E7-AAD0-A6C13133CB76}.Debug|Any CPU.Build.0 = Debug|Any CPU
		{5EDBF1DA-8031-41E7-AAD0-A6C13133CB76}.Release|Any CPU.ActiveCfg = Release|Any CPU
		{5EDBF1DA-8031-41E7-AAD0-A6C13133CB76}.Release|Any CPU.Build.0 = Release|Any CPU
		{F6A03655-146E-46F4-92B6-2368ADBA2A5F}.Debug|Any CPU.ActiveCfg = Debug|Any CPU
		{F6A03655-146E-46F4-92B6-2368ADBA2A5F}.Debug|Any CPU.Build.0 = Debug|Any CPU
		{F6A03655-146E-46F4-92B6-2368ADBA2A5F}.Release|Any CPU.ActiveCfg = Release|Any CPU
		{F6A03655-146E-46F4-92B6-2368ADBA2A5F}.Release|Any CPU.Build.0 = Release|Any CPU
		{BF11B5D1-7DD9-4DD5-9D7B-49A88017BDF9}.Debug|Any CPU.ActiveCfg = Debug|Any CPU
		{BF11B5D1-7DD9-4DD5-9D7B-49A88017BDF9}.Debug|Any CPU.Build.0 = Debug|Any CPU
		{BF11B5D1-7DD9-4DD5-9D7B-49A88017BDF9}.Release|Any CPU.ActiveCfg = Release|Any CPU
		{BF11B5D1-7DD9-4DD5-9D7B-49A88017BDF9}.Release|Any CPU.Build.0 = Release|Any CPU
		{C9742AF6-C156-4DD8-BC09-F66D16BC20BE}.Debug|Any CPU.ActiveCfg = Debug|Any CPU
		{C9742AF6-C156-4DD8-BC09-F66D16BC20BE}.Debug|Any CPU.Build.0 = Debug|Any CPU
		{C9742AF6-C156-4DD8-BC09-F66D16BC20BE}.Release|Any CPU.ActiveCfg = Release|Any CPU
		{C9742AF6-C156-4DD8-BC09-F66D16BC20BE}.Release|Any CPU.Build.0 = Release|Any CPU
		{F003E479-B532-48DA-96DC-8873E1384FAD}.Debug|Any CPU.ActiveCfg = Debug|Any CPU
		{F003E479-B532-48DA-96DC-8873E1384FAD}.Debug|Any CPU.Build.0 = Debug|Any CPU
		{F003E479-B532-48DA-96DC-8873E1384FAD}.Release|Any CPU.ActiveCfg = Release|Any CPU
		{F003E479-B532-48DA-96DC-8873E1384FAD}.Release|Any CPU.Build.0 = Release|Any CPU
		{C3D4E939-1F34-4B92-ABE2-B2D5C2809483}.Debug|Any CPU.ActiveCfg = Debug|Any CPU
		{C3D4E939-1F34-4B92-ABE2-B2D5C2809483}.Debug|Any CPU.Build.0 = Debug|Any CPU
		{C3D4E939-1F34-4B92-ABE2-B2D5C2809483}.Release|Any CPU.ActiveCfg = Release|Any CPU
		{C3D4E939-1F34-4B92-ABE2-B2D5C2809483}.Release|Any CPU.Build.0 = Release|Any CPU
		{069A522A-A25E-4B81-B921-94C19DFA9200}.Debug|Any CPU.ActiveCfg = Debug|Any CPU
		{069A522A-A25E-4B81-B921-94C19DFA9200}.Debug|Any CPU.Build.0 = Debug|Any CPU
		{069A522A-A25E-4B81-B921-94C19DFA9200}.Release|Any CPU.ActiveCfg = Release|Any CPU
		{069A522A-A25E-4B81-B921-94C19DFA9200}.Release|Any CPU.Build.0 = Release|Any CPU
		{D4C4E163-701F-4D33-BA21-DCC543743C61}.Debug|Any CPU.ActiveCfg = Debug|Any CPU
		{D4C4E163-701F-4D33-BA21-DCC543743C61}.Debug|Any CPU.Build.0 = Debug|Any CPU
		{D4C4E163-701F-4D33-BA21-DCC543743C61}.Release|Any CPU.ActiveCfg = Release|Any CPU
		{D4C4E163-701F-4D33-BA21-DCC543743C61}.Release|Any CPU.Build.0 = Release|Any CPU
		{9B0A8F8F-E6B8-42BE-98E9-F6DF2F3B9496}.Debug|Any CPU.ActiveCfg = Debug|Any CPU
		{9B0A8F8F-E6B8-42BE-98E9-F6DF2F3B9496}.Debug|Any CPU.Build.0 = Debug|Any CPU
		{9B0A8F8F-E6B8-42BE-98E9-F6DF2F3B9496}.Release|Any CPU.ActiveCfg = Release|Any CPU
		{9B0A8F8F-E6B8-42BE-98E9-F6DF2F3B9496}.Release|Any CPU.Build.0 = Release|Any CPU
		{E3CC5FFC-AE80-4880-8254-FC331B7130D3}.Debug|Any CPU.ActiveCfg = Debug|Any CPU
		{E3CC5FFC-AE80-4880-8254-FC331B7130D3}.Debug|Any CPU.Build.0 = Debug|Any CPU
		{E3CC5FFC-AE80-4880-8254-FC331B7130D3}.Release|Any CPU.ActiveCfg = Release|Any CPU
		{E3CC5FFC-AE80-4880-8254-FC331B7130D3}.Release|Any CPU.Build.0 = Release|Any CPU
		{C46CF941-EA46-4EB3-848D-6D50383271B9}.Debug|Any CPU.ActiveCfg = Debug|Any CPU
		{C46CF941-EA46-4EB3-848D-6D50383271B9}.Debug|Any CPU.Build.0 = Debug|Any CPU
		{C46CF941-EA46-4EB3-848D-6D50383271B9}.Release|Any CPU.ActiveCfg = Release|Any CPU
		{C46CF941-EA46-4EB3-848D-6D50383271B9}.Release|Any CPU.Build.0 = Release|Any CPU
		{7DBC6C07-50D1-4E79-BE1B-FBA4F81F31EF}.Debug|Any CPU.ActiveCfg = Debug|Any CPU
		{7DBC6C07-50D1-4E79-BE1B-FBA4F81F31EF}.Debug|Any CPU.Build.0 = Debug|Any CPU
		{7DBC6C07-50D1-4E79-BE1B-FBA4F81F31EF}.Release|Any CPU.ActiveCfg = Release|Any CPU
		{7DBC6C07-50D1-4E79-BE1B-FBA4F81F31EF}.Release|Any CPU.Build.0 = Release|Any CPU
	EndGlobalSection
	GlobalSection(NestedProjects) = preSolution
		{5EDBF1DA-8031-41E7-AAD0-A6C13133CB76} = {DB4DABA2-FC78-4088-8C0E-D4FFFE92F6D9}
		{DB4DABA2-FC78-4088-8C0E-D4FFFE92F6D9} = {FC58EC35-F51A-4433-BC28-020148BEFFE9}
		{060170AD-9DC5-40DB-B2D2-A7D69B5F1166} = {FC58EC35-F51A-4433-BC28-020148BEFFE9}
		{F6A03655-146E-46F4-92B6-2368ADBA2A5F} = {060170AD-9DC5-40DB-B2D2-A7D69B5F1166}
		{C8602C28-01F4-41F7-8728-D063F4E742D6} = {FC58EC35-F51A-4433-BC28-020148BEFFE9}
		{BF11B5D1-7DD9-4DD5-9D7B-49A88017BDF9} = {C8602C28-01F4-41F7-8728-D063F4E742D6}
		{31E3B8CD-BE60-49CF-8D09-99E008692308} = {FC58EC35-F51A-4433-BC28-020148BEFFE9}
		{C9742AF6-C156-4DD8-BC09-F66D16BC20BE} = {31E3B8CD-BE60-49CF-8D09-99E008692308}
		{F5E00577-880E-4432-A909-1B499F81AE05} = {FC58EC35-F51A-4433-BC28-020148BEFFE9}
		{F003E479-B532-48DA-96DC-8873E1384FAD} = {F5E00577-880E-4432-A909-1B499F81AE05}
		{2A4C4970-0F56-4D1A-A44E-536007070EE5} = {FC58EC35-F51A-4433-BC28-020148BEFFE9}
		{C3D4E939-1F34-4B92-ABE2-B2D5C2809483} = {2A4C4970-0F56-4D1A-A44E-536007070EE5}
		{197E0A41-70C7-4B73-A10A-6FEB886C1C63} = {FC58EC35-F51A-4433-BC28-020148BEFFE9}
		{069A522A-A25E-4B81-B921-94C19DFA9200} = {197E0A41-70C7-4B73-A10A-6FEB886C1C63}
		{38F9A75C-4237-4C47-806E-DF2620994609} = {FC58EC35-F51A-4433-BC28-020148BEFFE9}
		{D4C4E163-701F-4D33-BA21-DCC543743C61} = {38F9A75C-4237-4C47-806E-DF2620994609}
		{9791BE79-AEED-43D4-8D35-3F59FB10F082} = {FC58EC35-F51A-4433-BC28-020148BEFFE9}
		{E3CC5FFC-AE80-4880-8254-FC331B7130D3} = {9791BE79-AEED-43D4-8D35-3F59FB10F082}
		{9B0A8F8F-E6B8-42BE-98E9-F6DF2F3B9496} = {9791BE79-AEED-43D4-8D35-3F59FB10F082}
		{C46CF941-EA46-4EB3-848D-6D50383271B9} = {9791BE79-AEED-43D4-8D35-3F59FB10F082}
		{D6C125D4-1876-4E33-A63B-3FA5A5C4B85F} = {FC58EC35-F51A-4433-BC28-020148BEFFE9}
		{7DBC6C07-50D1-4E79-BE1B-FBA4F81F31EF} = {D6C125D4-1876-4E33-A63B-3FA5A5C4B85F}
	EndGlobalSection
EndGlobal
